// !$*UTF8*$!
{
	archiveVersion = 1;
	classes = {
	};
	objectVersion = 46;
	objects = {

/* Begin PBXBuildFile section */
		AA79D23C1AC2A12D00308B96 /* AppDelegate.swift in Sources */ = {isa = PBXBuildFile; fileRef = AA79D23B1AC2A12D00308B96 /* AppDelegate.swift */; };
		AA79D23E1AC2A12D00308B96 /* ViewController.swift in Sources */ = {isa = PBXBuildFile; fileRef = AA79D23D1AC2A12D00308B96 /* ViewController.swift */; };
		AA79D2411AC2A12D00308B96 /* Main.storyboard in Resources */ = {isa = PBXBuildFile; fileRef = AA79D23F1AC2A12D00308B96 /* Main.storyboard */; };
		AA79D2431AC2A12D00308B96 /* Images.xcassets in Resources */ = {isa = PBXBuildFile; fileRef = AA79D2421AC2A12D00308B96 /* Images.xcassets */; };
		AA79D2461AC2A12D00308B96 /* LaunchScreen.xib in Resources */ = {isa = PBXBuildFile; fileRef = AA79D2441AC2A12D00308B96 /* LaunchScreen.xib */; };
		AA79D2521AC2A12D00308B96 /* CloudKit_demoTests.swift in Sources */ = {isa = PBXBuildFile; fileRef = AA79D2511AC2A12D00308B96 /* CloudKit_demoTests.swift */; };
/* End PBXBuildFile section */

/* Begin PBXContainerItemProxy section */
		AA79D24C1AC2A12D00308B96 /* PBXContainerItemProxy */ = {
			isa = PBXContainerItemProxy;
			containerPortal = AA79D22E1AC2A12D00308B96 /* Project object */;
			proxyType = 1;
			remoteGlobalIDString = AA79D2351AC2A12D00308B96;
			remoteInfo = "CloudKit-demo";
		};
/* End PBXContainerItemProxy section */

/* Begin PBXFileReference section */
		AA79D2361AC2A12D00308B96 /* CloudKit-demo.app */ = {isa = PBXFileReference; explicitFileType = wrapper.application; includeInIndex = 0; path = "CloudKit-demo.app"; sourceTree = BUILT_PRODUCTS_DIR; };
		AA79D23A1AC2A12D00308B96 /* Info.plist */ = {isa = PBXFileReference; lastKnownFileType = text.plist.xml; path = Info.plist; sourceTree = "<group>"; };
		AA79D23B1AC2A12D00308B96 /* AppDelegate.swift */ = {isa = PBXFileReference; lastKnownFileType = sourcecode.swift; path = AppDelegate.swift; sourceTree = "<group>"; };
		AA79D23D1AC2A12D00308B96 /* ViewController.swift */ = {isa = PBXFileReference; lastKnownFileType = sourcecode.swift; path = ViewController.swift; sourceTree = "<group>"; };
		AA79D2401AC2A12D00308B96 /* Base */ = {isa = PBXFileReference; lastKnownFileType = file.storyboard; name = Base; path = Base.lproj/Main.storyboard; sourceTree = "<group>"; };
		AA79D2421AC2A12D00308B96 /* Images.xcassets */ = {isa = PBXFileReference; lastKnownFileType = folder.assetcatalog; path = Images.xcassets; sourceTree = "<group>"; };
		AA79D2451AC2A12D00308B96 /* Base */ = {isa = PBXFileReference; lastKnownFileType = file.xib; name = Base; path = Base.lproj/LaunchScreen.xib; sourceTree = "<group>"; };
		AA79D24B1AC2A12D00308B96 /* CloudKit-demoTests.xctest */ = {isa = PBXFileReference; explicitFileType = wrapper.cfbundle; includeInIndex = 0; path = "CloudKit-demoTests.xctest"; sourceTree = BUILT_PRODUCTS_DIR; };
		AA79D2501AC2A12D00308B96 /* Info.plist */ = {isa = PBXFileReference; lastKnownFileType = text.plist.xml; path = Info.plist; sourceTree = "<group>"; };
		AA79D2511AC2A12D00308B96 /* CloudKit_demoTests.swift */ = {isa = PBXFileReference; lastKnownFileType = sourcecode.swift; path = CloudKit_demoTests.swift; sourceTree = "<group>"; };
/* End PBXFileReference section */

/* Begin PBXFrameworksBuildPhase section */
		AA79D2331AC2A12D00308B96 /* Frameworks */ = {
			isa = PBXFrameworksBuildPhase;
			buildActionMask = 2147483647;
			files = (
			);
			runOnlyForDeploymentPostprocessing = 0;
		};
		AA79D2481AC2A12D00308B96 /* Frameworks */ = {
			isa = PBXFrameworksBuildPhase;
			buildActionMask = 2147483647;
			files = (
			);
			runOnlyForDeploymentPostprocessing = 0;
		};
/* End PBXFrameworksBuildPhase section */

/* Begin PBXGroup section */
		AA79D22D1AC2A12D00308B96 = {
			isa = PBXGroup;
			children = (
				AA79D2381AC2A12D00308B96 /* CloudKit-demo */,
				AA79D24E1AC2A12D00308B96 /* CloudKit-demoTests */,
				AA79D2371AC2A12D00308B96 /* Products */,
			);
			sourceTree = "<group>";
		};
		AA79D2371AC2A12D00308B96 /* Products */ = {
			isa = PBXGroup;
			children = (
				AA79D2361AC2A12D00308B96 /* CloudKit-demo.app */,
				AA79D24B1AC2A12D00308B96 /* CloudKit-demoTests.xctest */,
			);
			name = Products;
			sourceTree = "<group>";
		};
		AA79D2381AC2A12D00308B96 /* CloudKit-demo */ = {
			isa = PBXGroup;
			children = (
				AA79D23B1AC2A12D00308B96 /* AppDelegate.swift */,
				AA79D23D1AC2A12D00308B96 /* ViewController.swift */,
				AA79D23F1AC2A12D00308B96 /* Main.storyboard */,
				AA79D2421AC2A12D00308B96 /* Images.xcassets */,
				AA79D2441AC2A12D00308B96 /* LaunchScreen.xib */,
				AA79D2391AC2A12D00308B96 /* Supporting Files */,
			);
			path = "CloudKit-demo";
			sourceTree = "<group>";
		};
		AA79D2391AC2A12D00308B96 /* Supporting Files */ = {
			isa = PBXGroup;
			children = (
				AA79D23A1AC2A12D00308B96 /* Info.plist */,
			);
			name = "Supporting Files";
			sourceTree = "<group>";
		};
		AA79D24E1AC2A12D00308B96 /* CloudKit-demoTests */ = {
			isa = PBXGroup;
			children = (
				AA79D2511AC2A12D00308B96 /* CloudKit_demoTests.swift */,
				AA79D24F1AC2A12D00308B96 /* Supporting Files */,
			);
			path = "CloudKit-demoTests";
			sourceTree = "<group>";
		};
		AA79D24F1AC2A12D00308B96 /* Supporting Files */ = {
			isa = PBXGroup;
			children = (
				AA79D2501AC2A12D00308B96 /* Info.plist */,
			);
			name = "Supporting Files";
			sourceTree = "<group>";
		};
/* End PBXGroup section */

/* Begin PBXNativeTarget section */
		AA79D2351AC2A12D00308B96 /* CloudKit-demo */ = {
			isa = PBXNativeTarget;
			buildConfigurationList = AA79D2551AC2A12D00308B96 /* Build configuration list for PBXNativeTarget "CloudKit-demo" */;
			buildPhases = (
				AA79D2321AC2A12D00308B96 /* Sources */,
				AA79D2331AC2A12D00308B96 /* Frameworks */,
				AA79D2341AC2A12D00308B96 /* Resources */,
			);
			buildRules = (
			);
			dependencies = (
			);
			name = "CloudKit-demo";
			productName = "CloudKit-demo";
			productReference = AA79D2361AC2A12D00308B96 /* CloudKit-demo.app */;
			productType = "com.apple.product-type.application";
		};
		AA79D24A1AC2A12D00308B96 /* CloudKit-demoTests */ = {
			isa = PBXNativeTarget;
			buildConfigurationList = AA79D2581AC2A12D00308B96 /* Build configuration list for PBXNativeTarget "CloudKit-demoTests" */;
			buildPhases = (
				AA79D2471AC2A12D00308B96 /* Sources */,
				AA79D2481AC2A12D00308B96 /* Frameworks */,
				AA79D2491AC2A12D00308B96 /* Resources */,
			);
			buildRules = (
			);
			dependencies = (
				AA79D24D1AC2A12D00308B96 /* PBXTargetDependency */,
			);
			name = "CloudKit-demoTests";
			productName = "CloudKit-demoTests";
			productReference = AA79D24B1AC2A12D00308B96 /* CloudKit-demoTests.xctest */;
			productType = "com.apple.product-type.bundle.unit-test";
		};
/* End PBXNativeTarget section */

/* Begin PBXProject section */
		AA79D22E1AC2A12D00308B96 /* Project object */ = {
			isa = PBXProject;
			attributes = {
				LastUpgradeCheck = 0620;
				ORGANIZATIONNAME = Yalantis;
				TargetAttributes = {
					AA79D2351AC2A12D00308B96 = {
						CreatedOnToolsVersion = 6.2;
					};
					AA79D24A1AC2A12D00308B96 = {
						CreatedOnToolsVersion = 6.2;
						TestTargetID = AA79D2351AC2A12D00308B96;
					};
				};
			};
			buildConfigurationList = AA79D2311AC2A12D00308B96 /* Build configuration list for PBXProject "CloudKit-demo" */;
			compatibilityVersion = "Xcode 3.2";
			developmentRegion = English;
			hasScannedForEncodings = 0;
			knownRegions = (
				en,
				Base,
			);
			mainGroup = AA79D22D1AC2A12D00308B96;
			productRefGroup = AA79D2371AC2A12D00308B96 /* Products */;
			projectDirPath = "";
			projectRoot = "";
			targets = (
				AA79D2351AC2A12D00308B96 /* CloudKit-demo */,
				AA79D24A1AC2A12D00308B96 /* CloudKit-demoTests */,
			);
		};
/* End PBXProject section */

/* Begin PBXResourcesBuildPhase section */
		AA79D2341AC2A12D00308B96 /* Resources */ = {
			isa = PBXResourcesBuildPhase;
			buildActionMask = 2147483647;
			files = (
				AA79D2411AC2A12D00308B96 /* Main.storyboard in Resources */,
				AA79D2461AC2A12D00308B96 /* LaunchScreen.xib in Resources */,
				AA79D2431AC2A12D00308B96 /* Images.xcassets in Resources */,
			);
			runOnlyForDeploymentPostprocessing = 0;
		};
		AA79D2491AC2A12D00308B96 /* Resources */ = {
			isa = PBXResourcesBuildPhase;
			buildActionMask = 2147483647;
			files = (
			);
			runOnlyForDeploymentPostprocessing = 0;
		};
/* End PBXResourcesBuildPhase section */

/* Begin PBXSourcesBuildPhase section */
		AA79D2321AC2A12D00308B96 /* Sources */ = {
			isa = PBXSourcesBuildPhase;
			buildActionMask = 2147483647;
			files = (
				AA79D23E1AC2A12D00308B96 /* ViewController.swift in Sources */,
				AA79D23C1AC2A12D00308B96 /* AppDelegate.swift in Sources */,
			);
			runOnlyForDeploymentPostprocessing = 0;
		};
		AA79D2471AC2A12D00308B96 /* Sources */ = {
			isa = PBXSourcesBuildPhase;
			buildActionMask = 2147483647;
			files = (
				AA79D2521AC2A12D00308B96 /* CloudKit_demoTests.swift in Sources */,
			);
			runOnlyForDeploymentPostprocessing = 0;
		};
/* End PBXSourcesBuildPhase section */

/* Begin PBXTargetDependency section */
		AA79D24D1AC2A12D00308B96 /* PBXTargetDependency */ = {
			isa = PBXTargetDependency;
			target = AA79D2351AC2A12D00308B96 /* CloudKit-demo */;
			targetProxy = AA79D24C1AC2A12D00308B96 /* PBXContainerItemProxy */;
		};
/* End PBXTargetDependency section */

/* Begin PBXVariantGroup section */
		AA79D23F1AC2A12D00308B96 /* Main.storyboard */ = {
			isa = PBXVariantGroup;
			children = (
				AA79D2401AC2A12D00308B96 /* Base */,
			);
			name = Main.storyboard;
			sourceTree = "<group>";
		};
		AA79D2441AC2A12D00308B96 /* LaunchScreen.xib */ = {
			isa = PBXVariantGroup;
			children = (
				AA79D2451AC2A12D00308B96 /* Base */,
			);
			name = LaunchScreen.xib;
			sourceTree = "<group>";
		};
/* End PBXVariantGroup section */

/* Begin XCBuildConfiguration section */
		AA79D2531AC2A12D00308B96 /* Debug */ = {
			isa = XCBuildConfiguration;
			buildSettings = {
				ALWAYS_SEARCH_USER_PATHS = NO;
				CLANG_CXX_LANGUAGE_STANDARD = "gnu++0x";
				CLANG_CXX_LIBRARY = "libc++";
				CLANG_ENABLE_MODULES = YES;
				CLANG_ENABLE_OBJC_ARC = YES;
				CLANG_WARN_BOOL_CONVERSION = YES;
				CLANG_WARN_CONSTANT_CONVERSION = YES;
				CLANG_WARN_DIRECT_OBJC_ISA_USAGE = YES_ERROR;
				CLANG_WARN_EMPTY_BODY = YES;
				CLANG_WARN_ENUM_CONVERSION = YES;
				CLANG_WARN_INT_CONVERSION = YES;
				CLANG_WARN_OBJC_ROOT_CLASS = YES_ERROR;
				CLANG_WARN_UNREACHABLE_CODE = YES;
				CLANG_WARN__DUPLICATE_METHOD_MATCH = YES;
				"CODE_SIGN_IDENTITY[sdk=iphoneos*]" = "iPhone Developer";
				COPY_PHASE_STRIP = NO;
				ENABLE_STRICT_OBJC_MSGSEND = YES;
				GCC_C_LANGUAGE_STANDARD = gnu99;
				GCC_DYNAMIC_NO_PIC = NO;
				GCC_OPTIMIZATION_LEVEL = 0;
				GCC_PREPROCESSOR_DEFINITIONS = (
					"DEBUG=1",
					"$(inherited)",
				);
				GCC_SYMBOLS_PRIVATE_EXTERN = NO;
				GCC_WARN_64_TO_32_BIT_CONVERSION = YES;
				GCC_WARN_ABOUT_RETURN_TYPE = YES_ERROR;
				GCC_WARN_UNDECLARED_SELECTOR = YES;
				GCC_WARN_UNINITIALIZED_AUTOS = YES_AGGRESSIVE;
				GCC_WARN_UNUSED_FUNCTION = YES;
				GCC_WARN_UNUSED_VARIABLE = YES;
				IPHONEOS_DEPLOYMENT_TARGET = 8.2;
				MTL_ENABLE_DEBUG_INFO = YES;
				ONLY_ACTIVE_ARCH = YES;
				SDKROOT = iphoneos;
				SWIFT_OPTIMIZATION_LEVEL = "-Onone";
			};
			name = Debug;
		};
		AA79D2541AC2A12D00308B96 /* Release */ = {
			isa = XCBuildConfiguration;
			buildSettings = {
				ALWAYS_SEARCH_USER_PATHS = NO;
				CLANG_CXX_LANGUAGE_STANDARD = "gnu++0x";
				CLANG_CXX_LIBRARY = "libc++";
				CLANG_ENABLE_MODULES = YES;
				CLANG_ENABLE_OBJC_ARC = YES;
				CLANG_WARN_BOOL_CONVERSION = YES;
				CLANG_WARN_CONSTANT_CONVERSION = YES;
				CLANG_WARN_DIRECT_OBJC_ISA_USAGE = YES_ERROR;
				CLANG_WARN_EMPTY_BODY = YES;
				CLANG_WARN_ENUM_CONVERSION = YES;
				CLANG_WARN_INT_CONVERSION = YES;
				CLANG_WARN_OBJC_ROOT_CLASS = YES_ERROR;
				CLANG_WARN_UNREACHABLE_CODE = YES;
				CLANG_WARN__DUPLICATE_METHOD_MATCH = YES;
				"CODE_SIGN_IDENTITY[sdk=iphoneos*]" = "iPhone Developer";
				COPY_PHASE_STRIP = NO;
				ENABLE_NS_ASSERTIONS = NO;
				ENABLE_STRICT_OBJC_MSGSEND = YES;
				GCC_C_LANGUAGE_STANDARD = gnu99;
				GCC_WARN_64_TO_32_BIT_CONVERSION = YES;
				GCC_WARN_ABOUT_RETURN_TYPE = YES_ERROR;
				GCC_WARN_UNDECLARED_SELECTOR = YES;
				GCC_WARN_UNINITIALIZED_AUTOS = YES_AGGRESSIVE;
				GCC_WARN_UNUSED_FUNCTION = YES;
				GCC_WARN_UNUSED_VARIABLE = YES;
				IPHONEOS_DEPLOYMENT_TARGET = 8.2;
				MTL_ENABLE_DEBUG_INFO = NO;
				SDKROOT = iphoneos;
				VALIDATE_PRODUCT = YES;
			};
			name = Release;
		};
		AA79D2561AC2A12D00308B96 /* Debug */ = {
			isa = XCBuildConfiguration;
			buildSettings = {
				ASSETCATALOG_COMPILER_APPICON_NAME = AppIcon;
				INFOPLIST_FILE = "CloudKit-demo/Info.plist";
				LD_RUNPATH_SEARCH_PATHS = "$(inherited) @executable_path/Frameworks";
				PRODUCT_NAME = "$(TARGET_NAME)";
			};
			name = Debug;
		};
		AA79D2571AC2A12D00308B96 /* Release */ = {
			isa = XCBuildConfiguration;
			buildSettings = {
				ASSETCATALOG_COMPILER_APPICON_NAME = AppIcon;
				INFOPLIST_FILE = "CloudKit-demo/Info.plist";
				LD_RUNPATH_SEARCH_PATHS = "$(inherited) @executable_path/Frameworks";
				PRODUCT_NAME = "$(TARGET_NAME)";
			};
			name = Release;
		};
		AA79D2591AC2A12D00308B96 /* Debug */ = {
			isa = XCBuildConfiguration;
			buildSettings = {
				BUNDLE_LOADER = "$(TEST_HOST)";
				FRAMEWORK_SEARCH_PATHS = (
					"$(SDKROOT)/Developer/Library/Frameworks",
					"$(inherited)",
				);
				GCC_PREPROCESSOR_DEFINITIONS = (
					"DEBUG=1",
					"$(inherited)",
				);
				INFOPLIST_FILE = "CloudKit-demoTests/Info.plist";
				LD_RUNPATH_SEARCH_PATHS = "$(inherited) @executable_path/Frameworks @loader_path/Frameworks";
				PRODUCT_NAME = "$(TARGET_NAME)";
				TEST_HOST = "$(BUILT_PRODUCTS_DIR)/CloudKit-demo.app/CloudKit-demo";
			};
			name = Debug;
		};
		AA79D25A1AC2A12D00308B96 /* Release */ = {
			isa = XCBuildConfiguration;
			buildSettings = {
				BUNDLE_LOADER = "$(TEST_HOST)";
				FRAMEWORK_SEARCH_PATHS = (
					"$(SDKROOT)/Developer/Library/Frameworks",
					"$(inherited)",
				);
				INFOPLIST_FILE = "CloudKit-demoTests/Info.plist";
				LD_RUNPATH_SEARCH_PATHS = "$(inherited) @executable_path/Frameworks @loader_path/Frameworks";
				PRODUCT_NAME = "$(TARGET_NAME)";
				TEST_HOST = "$(BUILT_PRODUCTS_DIR)/CloudKit-demo.app/CloudKit-demo";
			};
			name = Release;
		};
/* End XCBuildConfiguration section */

/* Begin XCConfigurationList section */
		AA79D2311AC2A12D00308B96 /* Build configuration list for PBXProject "CloudKit-demo" */ = {
			isa = XCConfigurationList;
			buildConfigurations = (
				AA79D2531AC2A12D00308B96 /* Debug */,
				AA79D2541AC2A12D00308B96 /* Release */,
			);
			defaultConfigurationIsVisible = 0;
			defaultConfigurationName = Release;
		};
		AA79D2551AC2A12D00308B96 /* Build configuration list for PBXNativeTarget "CloudKit-demo" */ = {
			isa = XCConfigurationList;
			buildConfigurations = (
				AA79D2561AC2A12D00308B96 /* Debug */,
				AA79D2571AC2A12D00308B96 /* Release */,
			);
			defaultConfigurationIsVisible = 0;
		};
		AA79D2581AC2A12D00308B96 /* Build configuration list for PBXNativeTarget "CloudKit-demoTests" */ = {
			isa = XCConfigurationList;
			buildConfigurations = (
				AA79D2591AC2A12D00308B96 /* Debug */,
				AA79D25A1AC2A12D00308B96 /* Release */,
			);
			defaultConfigurationIsVisible = 0;
		};
/* End XCConfigurationList section */
	};
	rootObject = AA79D22E1AC2A12D00308B96 /* Project object */;
}
