// !$*UTF8*$!
{
	archiveVersion = 1;
	classes = {
	};
	objectVersion = 46;
	objects = {

/* Begin PBXBuildFile section */
		2A75B1CA1B667AD900DB1628 /* CloudKit.framework in Frameworks */ = {isa = PBXBuildFile; fileRef = 2A75B1C91B667AD900DB1628 /* CloudKit.framework */; };
		AA237A861ACA904500003B42 /* YALDetailedViewController.swift in Sources */ = {isa = PBXBuildFile; fileRef = AA237A851ACA904500003B42 /* YALDetailedViewController.swift */; };
		AA79D2521AC2A12D00308B96 /* CloudKit_demoTests.swift in Sources */ = {isa = PBXBuildFile; fileRef = AA79D2511AC2A12D00308B96 /* CloudKit_demoTests.swift */; };
		AA79D2641AC2A1C400308B96 /* AppDelegate.swift in Sources */ = {isa = PBXBuildFile; fileRef = AA79D25C1AC2A1C400308B96 /* AppDelegate.swift */; };
		AA79D2651AC2A1C400308B96 /* Images.xcassets in Resources */ = {isa = PBXBuildFile; fileRef = AA79D2611AC2A1C400308B96 /* Images.xcassets */; };
		AA79D2671AC2A1C400308B96 /* Main.storyboard in Resources */ = {isa = PBXBuildFile; fileRef = AA79D2631AC2A1C400308B96 /* Main.storyboard */; };
		AA79D26C1AC2A27600308B96 /* YALBaseViewController.swift in Sources */ = {isa = PBXBuildFile; fileRef = AA79D26B1AC2A27600308B96 /* YALBaseViewController.swift */; };
		AA79D26E1AC2A2B800308B96 /* YALMainViewController.swift in Sources */ = {isa = PBXBuildFile; fileRef = AA79D26D1AC2A2B800308B96 /* YALMainViewController.swift */; };
		AA8B301F1AC9D30D001D4BDA /* YALSelectCityViewController.swift in Sources */ = {isa = PBXBuildFile; fileRef = AA8B301E1AC9D30D001D4BDA /* YALSelectCityViewController.swift */; };
		AA8B30261AC9F173001D4BDA /* Dubai.png in Resources */ = {isa = PBXBuildFile; fileRef = AA8B30211AC9F173001D4BDA /* Dubai.png */; };
		AA8B30271AC9F173001D4BDA /* London.png in Resources */ = {isa = PBXBuildFile; fileRef = AA8B30221AC9F173001D4BDA /* London.png */; };
		AA8B30281AC9F173001D4BDA /* NewYork.png in Resources */ = {isa = PBXBuildFile; fileRef = AA8B30231AC9F173001D4BDA /* NewYork.png */; };
		AA8B30291AC9F173001D4BDA /* SanFrancisco.png in Resources */ = {isa = PBXBuildFile; fileRef = AA8B30241AC9F173001D4BDA /* SanFrancisco.png */; };
		AA8B302A1AC9F173001D4BDA /* Singapore.png in Resources */ = {isa = PBXBuildFile; fileRef = AA8B30251AC9F173001D4BDA /* Singapore.png */; };
		AAE54DAA1AC2AC4900622C50 /* YALCityTableViewCell.swift in Sources */ = {isa = PBXBuildFile; fileRef = AAE54DA81AC2AC4900622C50 /* YALCityTableViewCell.swift */; };
		AAE54DAB1AC2AC4900622C50 /* YALCityTableViewCell.xib in Resources */ = {isa = PBXBuildFile; fileRef = AAE54DA91AC2AC4900622C50 /* YALCityTableViewCell.xib */; };
		AAE54DB51AC2CB8A00622C50 /* YALCloudKitManager.swift in Sources */ = {isa = PBXBuildFile; fileRef = AAE54DB41AC2CB8A00622C50 /* YALCloudKitManager.swift */; };
		AAE54DBA1AC2D12800622C50 /* YALCity.swift in Sources */ = {isa = PBXBuildFile; fileRef = AAE54DB91AC2D12800622C50 /* YALCity.swift */; };
		AAE54DBE1AC2D7F800622C50 /* Cities.plist in Resources */ = {isa = PBXBuildFile; fileRef = AAE54DBD1AC2D7F800622C50 /* Cities.plist */; };
/* End PBXBuildFile section */

/* Begin PBXContainerItemProxy section */
		AA79D24C1AC2A12D00308B96 /* PBXContainerItemProxy */ = {
			isa = PBXContainerItemProxy;
			containerPortal = AA79D22E1AC2A12D00308B96 /* Project object */;
			proxyType = 1;
			remoteGlobalIDString = AA79D2351AC2A12D00308B96;
			remoteInfo = "CloudKit-demo";
		};
/* End PBXContainerItemProxy section */

/* Begin PBXFileReference section */
		2A75B1C91B667AD900DB1628 /* CloudKit.framework */ = {isa = PBXFileReference; lastKnownFileType = wrapper.framework; name = CloudKit.framework; path = System/Library/Frameworks/CloudKit.framework; sourceTree = SDKROOT; };
		AA237A851ACA904500003B42 /* YALDetailedViewController.swift */ = {isa = PBXFileReference; fileEncoding = 4; lastKnownFileType = sourcecode.swift; path = YALDetailedViewController.swift; sourceTree = "<group>"; };
		AA23EB651AC422D6002FDDC0 /* CloudKit-demo.entitlements */ = {isa = PBXFileReference; lastKnownFileType = text.xml; path = "CloudKit-demo.entitlements"; sourceTree = "<group>"; };
		AA79D2361AC2A12D00308B96 /* CloudKit-demo.app */ = {isa = PBXFileReference; explicitFileType = wrapper.application; includeInIndex = 0; path = "CloudKit-demo.app"; sourceTree = BUILT_PRODUCTS_DIR; };
		AA79D23A1AC2A12D00308B96 /* Info.plist */ = {isa = PBXFileReference; lastKnownFileType = text.plist.xml; path = Info.plist; sourceTree = "<group>"; };
		AA79D24B1AC2A12D00308B96 /* CloudKit-demoTests.xctest */ = {isa = PBXFileReference; explicitFileType = wrapper.cfbundle; includeInIndex = 0; path = "CloudKit-demoTests.xctest"; sourceTree = BUILT_PRODUCTS_DIR; };
		AA79D2501AC2A12D00308B96 /* Info.plist */ = {isa = PBXFileReference; lastKnownFileType = text.plist.xml; path = Info.plist; sourceTree = "<group>"; };
		AA79D2511AC2A12D00308B96 /* CloudKit_demoTests.swift */ = {isa = PBXFileReference; lastKnownFileType = sourcecode.swift; path = CloudKit_demoTests.swift; sourceTree = "<group>"; };
		AA79D25C1AC2A1C400308B96 /* AppDelegate.swift */ = {isa = PBXFileReference; fileEncoding = 4; lastKnownFileType = sourcecode.swift; path = AppDelegate.swift; sourceTree = "<group>"; };
		AA79D2611AC2A1C400308B96 /* Images.xcassets */ = {isa = PBXFileReference; lastKnownFileType = folder.assetcatalog; path = Images.xcassets; sourceTree = "<group>"; };
		AA79D2631AC2A1C400308B96 /* Main.storyboard */ = {isa = PBXFileReference; fileEncoding = 4; lastKnownFileType = file.storyboard; path = Main.storyboard; sourceTree = "<group>"; };
		AA79D26B1AC2A27600308B96 /* YALBaseViewController.swift */ = {isa = PBXFileReference; fileEncoding = 4; lastKnownFileType = sourcecode.swift; path = YALBaseViewController.swift; sourceTree = "<group>"; };
		AA79D26D1AC2A2B800308B96 /* YALMainViewController.swift */ = {isa = PBXFileReference; fileEncoding = 4; lastKnownFileType = sourcecode.swift; path = YALMainViewController.swift; sourceTree = "<group>"; };
		AA8B301E1AC9D30D001D4BDA /* YALSelectCityViewController.swift */ = {isa = PBXFileReference; fileEncoding = 4; lastKnownFileType = sourcecode.swift; path = YALSelectCityViewController.swift; sourceTree = "<group>"; };
		AA8B30211AC9F173001D4BDA /* Dubai.png */ = {isa = PBXFileReference; lastKnownFileType = image.png; path = Dubai.png; sourceTree = "<group>"; };
		AA8B30221AC9F173001D4BDA /* London.png */ = {isa = PBXFileReference; lastKnownFileType = image.png; path = London.png; sourceTree = "<group>"; };
		AA8B30231AC9F173001D4BDA /* NewYork.png */ = {isa = PBXFileReference; lastKnownFileType = image.png; path = NewYork.png; sourceTree = "<group>"; };
		AA8B30241AC9F173001D4BDA /* SanFrancisco.png */ = {isa = PBXFileReference; lastKnownFileType = image.png; path = SanFrancisco.png; sourceTree = "<group>"; };
		AA8B30251AC9F173001D4BDA /* Singapore.png */ = {isa = PBXFileReference; lastKnownFileType = image.png; path = Singapore.png; sourceTree = "<group>"; };
		AAE54DA81AC2AC4900622C50 /* YALCityTableViewCell.swift */ = {isa = PBXFileReference; fileEncoding = 4; lastKnownFileType = sourcecode.swift; path = YALCityTableViewCell.swift; sourceTree = "<group>"; };
		AAE54DA91AC2AC4900622C50 /* YALCityTableViewCell.xib */ = {isa = PBXFileReference; fileEncoding = 4; lastKnownFileType = file.xib; path = YALCityTableViewCell.xib; sourceTree = "<group>"; };
		AAE54DB41AC2CB8A00622C50 /* YALCloudKitManager.swift */ = {isa = PBXFileReference; fileEncoding = 4; lastKnownFileType = sourcecode.swift; path = YALCloudKitManager.swift; sourceTree = "<group>"; };
		AAE54DB91AC2D12800622C50 /* YALCity.swift */ = {isa = PBXFileReference; fileEncoding = 4; lastKnownFileType = sourcecode.swift; path = YALCity.swift; sourceTree = "<group>"; };
		AAE54DBD1AC2D7F800622C50 /* Cities.plist */ = {isa = PBXFileReference; fileEncoding = 4; lastKnownFileType = text.plist.xml; path = Cities.plist; sourceTree = "<group>"; };
/* End PBXFileReference section */

/* Begin PBXFrameworksBuildPhase section */
		AA79D2331AC2A12D00308B96 /* Frameworks */ = {
			isa = PBXFrameworksBuildPhase;
			buildActionMask = 2147483647;
			files = (
				2A75B1CA1B667AD900DB1628 /* CloudKit.framework in Frameworks */,
			);
			runOnlyForDeploymentPostprocessing = 0;
		};
		AA79D2481AC2A12D00308B96 /* Frameworks */ = {
			isa = PBXFrameworksBuildPhase;
			buildActionMask = 2147483647;
			files = (
			);
			runOnlyForDeploymentPostprocessing = 0;
		};
/* End PBXFrameworksBuildPhase section */

/* Begin PBXGroup section */
		AA79D22D1AC2A12D00308B96 = {
			isa = PBXGroup;
			children = (
				2A75B1C91B667AD900DB1628 /* CloudKit.framework */,
				AA79D2381AC2A12D00308B96 /* CloudKit-demo */,
				AA79D24E1AC2A12D00308B96 /* CloudKit-demoTests */,
				AA79D2371AC2A12D00308B96 /* Products */,
			);
			sourceTree = "<group>";
		};
		AA79D2371AC2A12D00308B96 /* Products */ = {
			isa = PBXGroup;
			children = (
				AA79D2361AC2A12D00308B96 /* CloudKit-demo.app */,
				AA79D24B1AC2A12D00308B96 /* CloudKit-demoTests.xctest */,
			);
			name = Products;
			sourceTree = "<group>";
		};
		AA79D2381AC2A12D00308B96 /* CloudKit-demo */ = {
			isa = PBXGroup;
			children = (
				AA79D25B1AC2A1C400308B96 /* Classes */,
				AA79D2601AC2A1C400308B96 /* Resources */,
				AA79D2391AC2A12D00308B96 /* Supporting Files */,
				AAE54DB81AC2CBB000622C50 /* Frameworks */,
			);
			path = "CloudKit-demo";
			sourceTree = "<group>";
		};
		AA79D2391AC2A12D00308B96 /* Supporting Files */ = {
			isa = PBXGroup;
			children = (
				AA23EB651AC422D6002FDDC0 /* CloudKit-demo.entitlements */,
				AA79D23A1AC2A12D00308B96 /* Info.plist */,
			);
			name = "Supporting Files";
			sourceTree = "<group>";
		};
		AA79D24E1AC2A12D00308B96 /* CloudKit-demoTests */ = {
			isa = PBXGroup;
			children = (
				AA79D2511AC2A12D00308B96 /* CloudKit_demoTests.swift */,
				AA79D24F1AC2A12D00308B96 /* Supporting Files */,
			);
			path = "CloudKit-demoTests";
			sourceTree = "<group>";
		};
		AA79D24F1AC2A12D00308B96 /* Supporting Files */ = {
			isa = PBXGroup;
			children = (
				AA79D2501AC2A12D00308B96 /* Info.plist */,
			);
			name = "Supporting Files";
			sourceTree = "<group>";
		};
		AA79D25B1AC2A1C400308B96 /* Classes */ = {
			isa = PBXGroup;
			children = (
				AAE54DB31AC2CB7500622C50 /* Managers */,
				AA79D25C1AC2A1C400308B96 /* AppDelegate.swift */,
				AA79D25D1AC2A1C400308B96 /* Model */,
				AA79D25E1AC2A1C400308B96 /* View */,
				AA79D25F1AC2A1C400308B96 /* ViewController */,
			);
			path = Classes;
			sourceTree = "<group>";
		};
		AA79D25D1AC2A1C400308B96 /* Model */ = {
			isa = PBXGroup;
			children = (
				AAE54DB91AC2D12800622C50 /* YALCity.swift */,
			);
			path = Model;
			sourceTree = "<group>";
		};
		AA79D25E1AC2A1C400308B96 /* View */ = {
			isa = PBXGroup;
			children = (
				AAE54DA81AC2AC4900622C50 /* YALCityTableViewCell.swift */,
				AAE54DA91AC2AC4900622C50 /* YALCityTableViewCell.xib */,
			);
			path = View;
			sourceTree = "<group>";
		};
		AA79D25F1AC2A1C400308B96 /* ViewController */ = {
			isa = PBXGroup;
			children = (
				AA79D26A1AC2A26500308B96 /* Base */,
				AA79D26D1AC2A2B800308B96 /* YALMainViewController.swift */,
				AA8B301E1AC9D30D001D4BDA /* YALSelectCityViewController.swift */,
				AA237A851ACA904500003B42 /* YALDetailedViewController.swift */,
			);
			path = ViewController;
			sourceTree = "<group>";
		};
		AA79D2601AC2A1C400308B96 /* Resources */ = {
			isa = PBXGroup;
			children = (
				AA8B30201AC9F173001D4BDA /* CitiesImages */,
				AAE54DBD1AC2D7F800622C50 /* Cities.plist */,
				AA79D2611AC2A1C400308B96 /* Images.xcassets */,
				AA79D2631AC2A1C400308B96 /* Main.storyboard */,
			);
			path = Resources;
			sourceTree = "<group>";
		};
		AA79D26A1AC2A26500308B96 /* Base */ = {
			isa = PBXGroup;
			children = (
				AA79D26B1AC2A27600308B96 /* YALBaseViewController.swift */,
			);
			path = Base;
			sourceTree = "<group>";
		};
		AA8B30201AC9F173001D4BDA /* CitiesImages */ = {
			isa = PBXGroup;
			children = (
				AA8B30211AC9F173001D4BDA /* Dubai.png */,
				AA8B30221AC9F173001D4BDA /* London.png */,
				AA8B30231AC9F173001D4BDA /* NewYork.png */,
				AA8B30241AC9F173001D4BDA /* SanFrancisco.png */,
				AA8B30251AC9F173001D4BDA /* Singapore.png */,
			);
			path = CitiesImages;
			sourceTree = "<group>";
		};
		AAE54DB31AC2CB7500622C50 /* Managers */ = {
			isa = PBXGroup;
			children = (
				AAE54DB41AC2CB8A00622C50 /* YALCloudKitManager.swift */,
			);
			path = Managers;
			sourceTree = "<group>";
		};
		AAE54DB81AC2CBB000622C50 /* Frameworks */ = {
			isa = PBXGroup;
			children = (
			);
			name = Frameworks;
			sourceTree = "<group>";
		};
/* End PBXGroup section */

/* Begin PBXNativeTarget section */
		AA79D2351AC2A12D00308B96 /* CloudKit-demo */ = {
			isa = PBXNativeTarget;
			buildConfigurationList = AA79D2551AC2A12D00308B96 /* Build configuration list for PBXNativeTarget "CloudKit-demo" */;
			buildPhases = (
				AA79D2321AC2A12D00308B96 /* Sources */,
				AA79D2331AC2A12D00308B96 /* Frameworks */,
				AA79D2341AC2A12D00308B96 /* Resources */,
			);
			buildRules = (
			);
			dependencies = (
			);
			name = "CloudKit-demo";
			productName = "CloudKit-demo";
			productReference = AA79D2361AC2A12D00308B96 /* CloudKit-demo.app */;
			productType = "com.apple.product-type.application";
		};
		AA79D24A1AC2A12D00308B96 /* CloudKit-demoTests */ = {
			isa = PBXNativeTarget;
			buildConfigurationList = AA79D2581AC2A12D00308B96 /* Build configuration list for PBXNativeTarget "CloudKit-demoTests" */;
			buildPhases = (
				AA79D2471AC2A12D00308B96 /* Sources */,
				AA79D2481AC2A12D00308B96 /* Frameworks */,
				AA79D2491AC2A12D00308B96 /* Resources */,
			);
			buildRules = (
			);
			dependencies = (
				AA79D24D1AC2A12D00308B96 /* PBXTargetDependency */,
			);
			name = "CloudKit-demoTests";
			productName = "CloudKit-demoTests";
			productReference = AA79D24B1AC2A12D00308B96 /* CloudKit-demoTests.xctest */;
			productType = "com.apple.product-type.bundle.unit-test";
		};
/* End PBXNativeTarget section */

/* Begin PBXProject section */
		AA79D22E1AC2A12D00308B96 /* Project object */ = {
			isa = PBXProject;
			attributes = {
				CLASSPREFIX = YAL;
				LastSwiftUpdateCheck = 0700;
				LastUpgradeCheck = 0710;
				ORGANIZATIONNAME = Yalantis;
				TargetAttributes = {
					AA79D2351AC2A12D00308B96 = {
						CreatedOnToolsVersion = 6.2;
						DevelopmentTeam = R7JGNRV2SS;
						SystemCapabilities = {
							com.apple.iCloud = {
								enabled = 1;
							};
						};
					};
					AA79D24A1AC2A12D00308B96 = {
						CreatedOnToolsVersion = 6.2;
						TestTargetID = AA79D2351AC2A12D00308B96;
					};
				};
			};
			buildConfigurationList = AA79D2311AC2A12D00308B96 /* Build configuration list for PBXProject "CloudKit-demo" */;
			compatibilityVersion = "Xcode 3.2";
			developmentRegion = English;
			hasScannedForEncodings = 0;
			knownRegions = (
				en,
				Base,
			);
			mainGroup = AA79D22D1AC2A12D00308B96;
			productRefGroup = AA79D2371AC2A12D00308B96 /* Products */;
			projectDirPath = "";
			projectRoot = "";
			targets = (
				AA79D2351AC2A12D00308B96 /* CloudKit-demo */,
				AA79D24A1AC2A12D00308B96 /* CloudKit-demoTests */,
			);
		};
/* End PBXProject section */

/* Begin PBXResourcesBuildPhase section */
		AA79D2341AC2A12D00308B96 /* Resources */ = {
			isa = PBXResourcesBuildPhase;
			buildActionMask = 2147483647;
			files = (
				AA8B30271AC9F173001D4BDA /* London.png in Resources */,
				AA79D2671AC2A1C400308B96 /* Main.storyboard in Resources */,
				AA8B302A1AC9F173001D4BDA /* Singapore.png in Resources */,
				AAE54DBE1AC2D7F800622C50 /* Cities.plist in Resources */,
				AA79D2651AC2A1C400308B96 /* Images.xcassets in Resources */,
				AA8B30281AC9F173001D4BDA /* NewYork.png in Resources */,
				AAE54DAB1AC2AC4900622C50 /* YALCityTableViewCell.xib in Resources */,
				AA8B30261AC9F173001D4BDA /* Dubai.png in Resources */,
				AA8B30291AC9F173001D4BDA /* SanFrancisco.png in Resources */,
			);
			runOnlyForDeploymentPostprocessing = 0;
		};
		AA79D2491AC2A12D00308B96 /* Resources */ = {
			isa = PBXResourcesBuildPhase;
			buildActionMask = 2147483647;
			files = (
			);
			runOnlyForDeploymentPostprocessing = 0;
		};
/* End PBXResourcesBuildPhase section */

/* Begin PBXSourcesBuildPhase section */
		AA79D2321AC2A12D00308B96 /* Sources */ = {
			isa = PBXSourcesBuildPhase;
			buildActionMask = 2147483647;
			files = (
				AA79D26C1AC2A27600308B96 /* YALBaseViewController.swift in Sources */,
				AA79D26E1AC2A2B800308B96 /* YALMainViewController.swift in Sources */,
				AA79D2641AC2A1C400308B96 /* AppDelegate.swift in Sources */,
				AA237A861ACA904500003B42 /* YALDetailedViewController.swift in Sources */,
				AAE54DAA1AC2AC4900622C50 /* YALCityTableViewCell.swift in Sources */,
				AAE54DB51AC2CB8A00622C50 /* YALCloudKitManager.swift in Sources */,
				AAE54DBA1AC2D12800622C50 /* YALCity.swift in Sources */,
				AA8B301F1AC9D30D001D4BDA /* YALSelectCityViewController.swift in Sources */,
			);
			runOnlyForDeploymentPostprocessing = 0;
		};
		AA79D2471AC2A12D00308B96 /* Sources */ = {
			isa = PBXSourcesBuildPhase;
			buildActionMask = 2147483647;
			files = (
				AA79D2521AC2A12D00308B96 /* CloudKit_demoTests.swift in Sources */,
			);
			runOnlyForDeploymentPostprocessing = 0;
		};
/* End PBXSourcesBuildPhase section */

/* Begin PBXTargetDependency section */
		AA79D24D1AC2A12D00308B96 /* PBXTargetDependency */ = {
			isa = PBXTargetDependency;
			target = AA79D2351AC2A12D00308B96 /* CloudKit-demo */;
			targetProxy = AA79D24C1AC2A12D00308B96 /* PBXContainerItemProxy */;
		};
/* End PBXTargetDependency section */

/* Begin XCBuildConfiguration section */
		AA79D2531AC2A12D00308B96 /* Debug */ = {
			isa = XCBuildConfiguration;
			buildSettings = {
				ALWAYS_SEARCH_USER_PATHS = NO;
				CLANG_CXX_LANGUAGE_STANDARD = "gnu++0x";
				CLANG_CXX_LIBRARY = "libc++";
				CLANG_ENABLE_MODULES = YES;
				CLANG_ENABLE_OBJC_ARC = YES;
				CLANG_WARN_BOOL_CONVERSION = YES;
				CLANG_WARN_CONSTANT_CONVERSION = YES;
				CLANG_WARN_DIRECT_OBJC_ISA_USAGE = YES_ERROR;
				CLANG_WARN_EMPTY_BODY = YES;
				CLANG_WARN_ENUM_CONVERSION = YES;
				CLANG_WARN_INT_CONVERSION = YES;
				CLANG_WARN_OBJC_ROOT_CLASS = YES_ERROR;
				CLANG_WARN_UNREACHABLE_CODE = YES;
				CLANG_WARN__DUPLICATE_METHOD_MATCH = YES;
				"CODE_SIGN_IDENTITY[sdk=iphoneos*]" = "iPhone Developer";
				COPY_PHASE_STRIP = NO;
				ENABLE_STRICT_OBJC_MSGSEND = YES;
				ENABLE_TESTABILITY = YES;
				GCC_C_LANGUAGE_STANDARD = gnu99;
				GCC_DYNAMIC_NO_PIC = NO;
				GCC_OPTIMIZATION_LEVEL = 0;
				GCC_PREPROCESSOR_DEFINITIONS = (
					"DEBUG=1",
					"$(inherited)",
				);
				GCC_SYMBOLS_PRIVATE_EXTERN = NO;
				GCC_WARN_64_TO_32_BIT_CONVERSION = YES;
				GCC_WARN_ABOUT_RETURN_TYPE = YES_ERROR;
				GCC_WARN_UNDECLARED_SELECTOR = YES;
				GCC_WARN_UNINITIALIZED_AUTOS = YES_AGGRESSIVE;
				GCC_WARN_UNUSED_FUNCTION = YES;
				GCC_WARN_UNUSED_VARIABLE = YES;
				IPHONEOS_DEPLOYMENT_TARGET = 8.2;
				MTL_ENABLE_DEBUG_INFO = YES;
				ONLY_ACTIVE_ARCH = YES;
				SDKROOT = iphoneos;
				SWIFT_OPTIMIZATION_LEVEL = "-Onone";
			};
			name = Debug;
		};
		AA79D2541AC2A12D00308B96 /* Release */ = {
			isa = XCBuildConfiguration;
			buildSettings = {
				ALWAYS_SEARCH_USER_PATHS = NO;
				CLANG_CXX_LANGUAGE_STANDARD = "gnu++0x";
				CLANG_CXX_LIBRARY = "libc++";
				CLANG_ENABLE_MODULES = YES;
				CLANG_ENABLE_OBJC_ARC = YES;
				CLANG_WARN_BOOL_CONVERSION = YES;
				CLANG_WARN_CONSTANT_CONVERSION = YES;
				CLANG_WARN_DIRECT_OBJC_ISA_USAGE = YES_ERROR;
				CLANG_WARN_EMPTY_BODY = YES;
				CLANG_WARN_ENUM_CONVERSION = YES;
				CLANG_WARN_INT_CONVERSION = YES;
				CLANG_WARN_OBJC_ROOT_CLASS = YES_ERROR;
				CLANG_WARN_UNREACHABLE_CODE = YES;
				CLANG_WARN__DUPLICATE_METHOD_MATCH = YES;
				"CODE_SIGN_IDENTITY[sdk=iphoneos*]" = "iPhone Developer";
				COPY_PHASE_STRIP = NO;
				ENABLE_NS_ASSERTIONS = NO;
				ENABLE_STRICT_OBJC_MSGSEND = YES;
				GCC_C_LANGUAGE_STANDARD = gnu99;
				GCC_WARN_64_TO_32_BIT_CONVERSION = YES;
				GCC_WARN_ABOUT_RETURN_TYPE = YES_ERROR;
				GCC_WARN_UNDECLARED_SELECTOR = YES;
				GCC_WARN_UNINITIALIZED_AUTOS = YES_AGGRESSIVE;
				GCC_WARN_UNUSED_FUNCTION = YES;
				GCC_WARN_UNUSED_VARIABLE = YES;
				IPHONEOS_DEPLOYMENT_TARGET = 8.2;
				MTL_ENABLE_DEBUG_INFO = NO;
				SDKROOT = iphoneos;
				VALIDATE_PRODUCT = YES;
			};
			name = Release;
		};
		AA79D2561AC2A12D00308B96 /* Debug */ = {
			isa = XCBuildConfiguration;
			buildSettings = {
				ASSETCATALOG_COMPILER_APPICON_NAME = AppIcon;
				ASSETCATALOG_COMPILER_LAUNCHIMAGE_NAME = LaunchImage;
				CODE_SIGN_ENTITLEMENTS = "CloudKit-demo/CloudKit-demo.entitlements";
				CODE_SIGN_IDENTITY = "iPhone Developer";
				"CODE_SIGN_IDENTITY[sdk=iphoneos*]" = "iPhone Developer";
				INFOPLIST_FILE = "CloudKit-demo/Info.plist";
				LD_RUNPATH_SEARCH_PATHS = "$(inherited) @executable_path/Frameworks";
				PRODUCT_BUNDLE_IDENTIFIER = "com.yalantis.cloudkit-demo";
				PRODUCT_NAME = "$(TARGET_NAME)";
				PROVISIONING_PROFILE = "";
			};
			name = Debug;
		};
		AA79D2571AC2A12D00308B96 /* Release */ = {
			isa = XCBuildConfiguration;
			buildSettings = {
				ASSETCATALOG_COMPILER_APPICON_NAME = AppIcon;
				ASSETCATALOG_COMPILER_LAUNCHIMAGE_NAME = LaunchImage;
				CODE_SIGN_ENTITLEMENTS = "CloudKit-demo/CloudKit-demo.entitlements";
				CODE_SIGN_IDENTITY = "iPhone Developer";
				"CODE_SIGN_IDENTITY[sdk=iphoneos*]" = "iPhone Developer";
				INFOPLIST_FILE = "CloudKit-demo/Info.plist";
				LD_RUNPATH_SEARCH_PATHS = "$(inherited) @executable_path/Frameworks";
				PRODUCT_BUNDLE_IDENTIFIER = "com.yalantis.cloudkit-demo";
				PRODUCT_NAME = "$(TARGET_NAME)";
				PROVISIONING_PROFILE = "";
			};
			name = Release;
		};
		AA79D2591AC2A12D00308B96 /* Debug */ = {
			isa = XCBuildConfiguration;
			buildSettings = {
				BUNDLE_LOADER = "$(TEST_HOST)";
				FRAMEWORK_SEARCH_PATHS = (
					"$(SDKROOT)/Developer/Library/Frameworks",
					"$(inherited)",
				);
				GCC_PREPROCESSOR_DEFINITIONS = (
					"DEBUG=1",
					"$(inherited)",
				);
				INFOPLIST_FILE = "CloudKit-demoTests/Info.plist";
				LD_RUNPATH_SEARCH_PATHS = "$(inherited) @executable_path/Frameworks @loader_path/Frameworks";
				PRODUCT_BUNDLE_IDENTIFIER = "YAL.$(PRODUCT_NAME:rfc1034identifier)";
				PRODUCT_NAME = "$(TARGET_NAME)";
				TEST_HOST = "$(BUILT_PRODUCTS_DIR)/CloudKit-demo.app/CloudKit-demo";
			};
			name = Debug;
		};
		AA79D25A1AC2A12D00308B96 /* Release */ = {
			isa = XCBuildConfiguration;
			buildSettings = {
				BUNDLE_LOADER = "$(TEST_HOST)";
				FRAMEWORK_SEARCH_PATHS = (
					"$(SDKROOT)/Developer/Library/Frameworks",
					"$(inherited)",
				);
				INFOPLIST_FILE = "CloudKit-demoTests/Info.plist";
				LD_RUNPATH_SEARCH_PATHS = "$(inherited) @executable_path/Frameworks @loader_path/Frameworks";
				PRODUCT_BUNDLE_IDENTIFIER = "YAL.$(PRODUCT_NAME:rfc1034identifier)";
				PRODUCT_NAME = "$(TARGET_NAME)";
				TEST_HOST = "$(BUILT_PRODUCTS_DIR)/CloudKit-demo.app/CloudKit-demo";
			};
			name = Release;
		};
/* End XCBuildConfiguration section */

/* Begin XCConfigurationList section */
		AA79D2311AC2A12D00308B96 /* Build configuration list for PBXProject "CloudKit-demo" */ = {
			isa = XCConfigurationList;
			buildConfigurations = (
				AA79D2531AC2A12D00308B96 /* Debug */,
				AA79D2541AC2A12D00308B96 /* Release */,
			);
			defaultConfigurationIsVisible = 0;
			defaultConfigurationName = Release;
		};
		AA79D2551AC2A12D00308B96 /* Build configuration list for PBXNativeTarget "CloudKit-demo" */ = {
			isa = XCConfigurationList;
			buildConfigurations = (
				AA79D2561AC2A12D00308B96 /* Debug */,
				AA79D2571AC2A12D00308B96 /* Release */,
			);
			defaultConfigurationIsVisible = 0;
			defaultConfigurationName = Release;
		};
		AA79D2581AC2A12D00308B96 /* Build configuration list for PBXNativeTarget "CloudKit-demoTests" */ = {
			isa = XCConfigurationList;
			buildConfigurations = (
				AA79D2591AC2A12D00308B96 /* Debug */,
				AA79D25A1AC2A12D00308B96 /* Release */,
			);
			defaultConfigurationIsVisible = 0;
			defaultConfigurationName = Release;
		};
/* End XCConfigurationList section */
	};
	rootObject = AA79D22E1AC2A12D00308B96 /* Project object */;
}
